// !$*UTF8*$!
{
	archiveVersion = 1;
	classes = {
	};
	objectVersion = 77;
	objects = {

/* Begin PBXBuildFile section */
		07C6E6008FC9FF5E0E1FC83A /* PhoneWatchBridge.swift in Sources */ = {isa = PBXBuildFile; fileRef = 8A4BD35BCD0B1FF5820C9BAB /* PhoneWatchBridge.swift */; };
		0A627FA16BA4C34FE1CEAF04 /* WatchStatusView.swift in Sources */ = {isa = PBXBuildFile; fileRef = 319A46DE57A73A799CDDF49F /* WatchStatusView.swift */; };
		13A0A099ACBF9EC772231292 /* Continuum Watch.app in Embed Watch Content */ = {isa = PBXBuildFile; fileRef = D19C3314249D4B0360112497 /* Continuum Watch.app */; settings = {ATTRIBUTES = (RemoveHeadersOnCopy, ); }; };
		1C813CD818A6F8AD48AE120C /* WatchAskView.swift in Sources */ = {isa = PBXBuildFile; fileRef = 38315C72C8C3DB608F0A69AB /* WatchAskView.swift */; };
		24ABC484555E9D1F6BF45689 /* CaptureView.swift in Sources */ = {isa = PBXBuildFile; fileRef = 8D85C179C6BBAE03AEF86E9A /* CaptureView.swift */; };
		29AEC1E08DD641FDB20F5CE1 /* ContinuumKit in Frameworks */ = {isa = PBXBuildFile; productRef = CBFD1E851748956C8D5E79F8 /* ContinuumKit */; };
		2E29506E8DD09EDF80B359FC /* ContinuumKit in Frameworks */ = {isa = PBXBuildFile; productRef = 7F747B9EDDEF9C365D63A9B9 /* ContinuumKit */; };
		3BF548388016487807660E0E /* StatusView.swift in Sources */ = {isa = PBXBuildFile; fileRef = 04F9A73C5FECFF5E83604FCF /* StatusView.swift */; };
		3E789D99A3C924C5AEC8B778 /* StatusViewModel.swift in Sources */ = {isa = PBXBuildFile; fileRef = 1A11A0C50AF2671D83AED68F /* StatusViewModel.swift */; };
		4866EC10436163D1440F03C7 /* MemoriesViewModel.swift in Sources */ = {isa = PBXBuildFile; fileRef = 404C8C84D27303F2F3DFE8EE /* MemoriesViewModel.swift */; };
		593D1E1BEA04753786E19279 /* PairingViewModel.swift in Sources */ = {isa = PBXBuildFile; fileRef = D1D76DDD8F00A216D630ADB0 /* PairingViewModel.swift */; };
		5BE8CEF235EE6035DCC913DC /* ContinuumWatchApp.swift in Sources */ = {isa = PBXBuildFile; fileRef = 7E5630717FEE83549F961952 /* ContinuumWatchApp.swift */; };
		77775EF0AA6D4C0EA56E2048 /* CaptureViewModel.swift in Sources */ = {isa = PBXBuildFile; fileRef = 07742BD82890985AE4227AD1 /* CaptureViewModel.swift */; };
		7BC1855934AD459CDEC5DA8F /* AskView.swift in Sources */ = {isa = PBXBuildFile; fileRef = B17BA24AAF3A6E5EFD31B9D4 /* AskView.swift */; };
		83ADD601ED052205097E5C69 /* ContinuumDraftApp.swift in Sources */ = {isa = PBXBuildFile; fileRef = 40590AA62E2503CA555108DB /* ContinuumDraftApp.swift */; };
		873976FE0BD39BEF16FE3ED2 /* WatchRecentView.swift in Sources */ = {isa = PBXBuildFile; fileRef = 48998A858261AD4FDA005945 /* WatchRecentView.swift */; };
		88528DAB0333BC3456AD402A /* README.md in Resources */ = {isa = PBXBuildFile; fileRef = CCC222736B34A7B769594448 /* README.md */; };
		8A5AFC770DDBBEDC938327C5 /* SettingsView.swift in Sources */ = {isa = PBXBuildFile; fileRef = DE89F84A3A919D6F75266CFE /* SettingsView.swift */; };
		8D94677D4F9F78A505775B41 /* CompanionSession.swift in Sources */ = {isa = PBXBuildFile; fileRef = 99AAC8DA084162CB1A1A1942 /* CompanionSession.swift */; };
		8F9F1B2CFB827C89EFBF8190 /* QRScannerView.swift in Sources */ = {isa = PBXBuildFile; fileRef = DF6A5510A24F5C6C455F4833 /* QRScannerView.swift */; };
		B17347A1742A4435F7ABE829 /* AppShellView.swift in Sources */ = {isa = PBXBuildFile; fileRef = 604661C35A8A9A8E532064D9 /* AppShellView.swift */; };
		BD5FD8D3746C3DA185B5146E /* AskViewModel.swift in Sources */ = {isa = PBXBuildFile; fileRef = 4CBC25463771BD6D8AF7E0DE /* AskViewModel.swift */; };
		CBBD53B4A234F26D33F7279A /* WatchBridgeClient.swift in Sources */ = {isa = PBXBuildFile; fileRef = B95CEBC40AAECEDC4504ED86 /* WatchBridgeClient.swift */; };
		E0289FC74EDADD23812F715A /* MemoriesView.swift in Sources */ = {isa = PBXBuildFile; fileRef = 2A77DE3DE81F3AA6AD3EB0D2 /* MemoriesView.swift */; };
		E7A4061DA388C18480A6A391 /* PairingView.swift in Sources */ = {isa = PBXBuildFile; fileRef = CFE7BC9E2D0A39C0DA9A6A9A /* PairingView.swift */; };
		EE50D28E66CDB8C30A9F3244 /* WatchRememberView.swift in Sources */ = {isa = PBXBuildFile; fileRef = A22E9A65A995EF8AF86A80FD /* WatchRememberView.swift */; };
/* End PBXBuildFile section */

/* Begin PBXContainerItemProxy section */
		BFD049C8F9D387D40D09B37C /* PBXContainerItemProxy */ = {
			isa = PBXContainerItemProxy;
			containerPortal = 471634B31C49E6078F27BDA2 /* Project object */;
			proxyType = 1;
			remoteGlobalIDString = DBC137B0FDAABF784EBD12CF;
			remoteInfo = "Continuum Watch";
		};
/* End PBXContainerItemProxy section */

/* Begin PBXCopyFilesBuildPhase section */
		6AB482E7A8A427DEDE1DBCFF /* Embed Watch Content */ = {
			isa = PBXCopyFilesBuildPhase;
			buildActionMask = 2147483647;
			dstPath = "$(CONTENTS_FOLDER_PATH)/Watch";
			dstSubfolderSpec = 16;
			files = (
				13A0A099ACBF9EC772231292 /* Continuum Watch.app in Embed Watch Content */,
			);
			name = "Embed Watch Content";
			runOnlyForDeploymentPostprocessing = 0;
		};
/* End PBXCopyFilesBuildPhase section */

/* Begin PBXFileReference section */
		04F9A73C5FECFF5E83604FCF /* StatusView.swift */ = {isa = PBXFileReference; lastKnownFileType = sourcecode.swift; path = StatusView.swift; sourceTree = "<group>"; };
		07742BD82890985AE4227AD1 /* CaptureViewModel.swift */ = {isa = PBXFileReference; lastKnownFileType = sourcecode.swift; path = CaptureViewModel.swift; sourceTree = "<group>"; };
		1A11A0C50AF2671D83AED68F /* StatusViewModel.swift */ = {isa = PBXFileReference; lastKnownFileType = sourcecode.swift; path = StatusViewModel.swift; sourceTree = "<group>"; };
		2A77DE3DE81F3AA6AD3EB0D2 /* MemoriesView.swift */ = {isa = PBXFileReference; lastKnownFileType = sourcecode.swift; path = MemoriesView.swift; sourceTree = "<group>"; };
		319A46DE57A73A799CDDF49F /* WatchStatusView.swift */ = {isa = PBXFileReference; lastKnownFileType = sourcecode.swift; path = WatchStatusView.swift; sourceTree = "<group>"; };
		38315C72C8C3DB608F0A69AB /* WatchAskView.swift */ = {isa = PBXFileReference; lastKnownFileType = sourcecode.swift; path = WatchAskView.swift; sourceTree = "<group>"; };
		404C8C84D27303F2F3DFE8EE /* MemoriesViewModel.swift */ = {isa = PBXFileReference; lastKnownFileType = sourcecode.swift; path = MemoriesViewModel.swift; sourceTree = "<group>"; };
		40590AA62E2503CA555108DB /* ContinuumDraftApp.swift */ = {isa = PBXFileReference; lastKnownFileType = sourcecode.swift; path = ContinuumDraftApp.swift; sourceTree = "<group>"; };
		48998A858261AD4FDA005945 /* WatchRecentView.swift */ = {isa = PBXFileReference; lastKnownFileType = sourcecode.swift; path = WatchRecentView.swift; sourceTree = "<group>"; };
		4CBC25463771BD6D8AF7E0DE /* AskViewModel.swift */ = {isa = PBXFileReference; lastKnownFileType = sourcecode.swift; path = AskViewModel.swift; sourceTree = "<group>"; };
		53CB094EA3DA63372B0302C2 /* ContinuumKit */ = {isa = PBXFileReference; lastKnownFileType = folder; name = ContinuumKit; path = ContinuumKit; sourceTree = SOURCE_ROOT; };
		604661C35A8A9A8E532064D9 /* AppShellView.swift */ = {isa = PBXFileReference; lastKnownFileType = sourcecode.swift; path = AppShellView.swift; sourceTree = "<group>"; };
		7D584C9B2046BD542643DC0E /* Continuum.app */ = {isa = PBXFileReference; includeInIndex = 0; lastKnownFileType = wrapper.application; path = Continuum.app; sourceTree = BUILT_PRODUCTS_DIR; };
		7E5630717FEE83549F961952 /* ContinuumWatchApp.swift */ = {isa = PBXFileReference; lastKnownFileType = sourcecode.swift; path = ContinuumWatchApp.swift; sourceTree = "<group>"; };
		8A4BD35BCD0B1FF5820C9BAB /* PhoneWatchBridge.swift */ = {isa = PBXFileReference; lastKnownFileType = sourcecode.swift; path = PhoneWatchBridge.swift; sourceTree = "<group>"; };
		8D85C179C6BBAE03AEF86E9A /* CaptureView.swift */ = {isa = PBXFileReference; lastKnownFileType = sourcecode.swift; path = CaptureView.swift; sourceTree = "<group>"; };
		99AAC8DA084162CB1A1A1942 /* CompanionSession.swift */ = {isa = PBXFileReference; lastKnownFileType = sourcecode.swift; path = CompanionSession.swift; sourceTree = "<group>"; };
		A22E9A65A995EF8AF86A80FD /* WatchRememberView.swift */ = {isa = PBXFileReference; lastKnownFileType = sourcecode.swift; path = WatchRememberView.swift; sourceTree = "<group>"; };
		B17BA24AAF3A6E5EFD31B9D4 /* AskView.swift */ = {isa = PBXFileReference; lastKnownFileType = sourcecode.swift; path = AskView.swift; sourceTree = "<group>"; };
		B95CEBC40AAECEDC4504ED86 /* WatchBridgeClient.swift */ = {isa = PBXFileReference; lastKnownFileType = sourcecode.swift; path = WatchBridgeClient.swift; sourceTree = "<group>"; };
		CCC222736B34A7B769594448 /* README.md */ = {isa = PBXFileReference; lastKnownFileType = net.daringfireball.markdown; path = README.md; sourceTree = "<group>"; };
		CFE7BC9E2D0A39C0DA9A6A9A /* PairingView.swift */ = {isa = PBXFileReference; lastKnownFileType = sourcecode.swift; path = PairingView.swift; sourceTree = "<group>"; };
		D19C3314249D4B0360112497 /* Continuum Watch.app */ = {isa = PBXFileReference; explicitFileType = wrapper.application; includeInIndex = 0; path = "Continuum Watch.app"; sourceTree = BUILT_PRODUCTS_DIR; };
		D1D76DDD8F00A216D630ADB0 /* PairingViewModel.swift */ = {isa = PBXFileReference; lastKnownFileType = sourcecode.swift; path = PairingViewModel.swift; sourceTree = "<group>"; };
		DE89F84A3A919D6F75266CFE /* SettingsView.swift */ = {isa = PBXFileReference; lastKnownFileType = sourcecode.swift; path = SettingsView.swift; sourceTree = "<group>"; };
		DF6A5510A24F5C6C455F4833 /* QRScannerView.swift */ = {isa = PBXFileReference; lastKnownFileType = sourcecode.swift; path = QRScannerView.swift; sourceTree = "<group>"; };
/* End PBXFileReference section */

/* Begin PBXFrameworksBuildPhase section */
		09CB4A70D9E1648FF8F86CD4 /* Frameworks */ = {
			isa = PBXFrameworksBuildPhase;
			buildActionMask = 2147483647;
			files = (
				29AEC1E08DD641FDB20F5CE1 /* ContinuumKit in Frameworks */,
			);
			runOnlyForDeploymentPostprocessing = 0;
		};
		B064883A5CAFFCBE0C3807D3 /* Frameworks */ = {
			isa = PBXFrameworksBuildPhase;
			buildActionMask = 2147483647;
			files = (
				2E29506E8DD09EDF80B359FC /* ContinuumKit in Frameworks */,
			);
			runOnlyForDeploymentPostprocessing = 0;
		};
/* End PBXFrameworksBuildPhase section */

/* Begin PBXGroup section */
		038710CB46AF9A2B62486D4B /* Status */ = {
			isa = PBXGroup;
			children = (
				319A46DE57A73A799CDDF49F /* WatchStatusView.swift */,
			);
			path = Status;
			sourceTree = "<group>";
		};
		082EF55E61E3127BC3F2AA80 /* Continuum */ = {
			isa = PBXGroup;
			children = (
				CCC222736B34A7B769594448 /* README.md */,
				99A037BF9FC242BB10C2B29D /* App */,
				6A6B2AEA7FD7181DCDE8E3AC /* Ask */,
				E00678C74CDA0CAA24CD2873 /* Capture */,
				630E084408382655155CDF91 /* Memories */,
				D4182C8D12E0CE6641569032 /* Pairing */,
				5A477B8783482BBC138F7C37 /* Settings */,
				1DB32A623DE033F51E9458A1 /* Status */,
				1F03A286A22742D91B6C26C0 /* WatchBridge */,
			);
			path = Continuum;
			sourceTree = "<group>";
		};
		13885C9F0B1F7F0412CF6AAA /* Packages */ = {
			isa = PBXGroup;
			children = (
				53CB094EA3DA63372B0302C2 /* ContinuumKit */,
			);
			name = Packages;
			sourceTree = "<group>";
		};
		19EDBF87201FDE7BBC2E72F7 /* Products */ = {
			isa = PBXGroup;
			children = (
				D19C3314249D4B0360112497 /* Continuum Watch.app */,
				7D584C9B2046BD542643DC0E /* Continuum.app */,
			);
			name = Products;
			sourceTree = "<group>";
		};
		1DB32A623DE033F51E9458A1 /* Status */ = {
			isa = PBXGroup;
			children = (
				04F9A73C5FECFF5E83604FCF /* StatusView.swift */,
				1A11A0C50AF2671D83AED68F /* StatusViewModel.swift */,
			);
			path = Status;
			sourceTree = "<group>";
		};
		1F03A286A22742D91B6C26C0 /* WatchBridge */ = {
			isa = PBXGroup;
			children = (
				8A4BD35BCD0B1FF5820C9BAB /* PhoneWatchBridge.swift */,
			);
			path = WatchBridge;
			sourceTree = "<group>";
		};
		5925BF5181FC7295F7717F35 /* Continuum Watch */ = {
			isa = PBXGroup;
			children = (
				F0868CB335756577A58D0758 /* App */,
				F972B19CF088C2A6AE1639C5 /* Ask */,
				B319F3A2406D8E24B4733DFB /* Recent */,
				61C84204945B6908E3AFF5DE /* Remember */,
				038710CB46AF9A2B62486D4B /* Status */,
			);
			path = "Continuum Watch";
			sourceTree = "<group>";
		};
		5A477B8783482BBC138F7C37 /* Settings */ = {
			isa = PBXGroup;
			children = (
				DE89F84A3A919D6F75266CFE /* SettingsView.swift */,
			);
			path = Settings;
			sourceTree = "<group>";
		};
		61C84204945B6908E3AFF5DE /* Remember */ = {
			isa = PBXGroup;
			children = (
				A22E9A65A995EF8AF86A80FD /* WatchRememberView.swift */,
			);
			path = Remember;
			sourceTree = "<group>";
		};
		630E084408382655155CDF91 /* Memories */ = {
			isa = PBXGroup;
			children = (
				2A77DE3DE81F3AA6AD3EB0D2 /* MemoriesView.swift */,
				404C8C84D27303F2F3DFE8EE /* MemoriesViewModel.swift */,
			);
			path = Memories;
			sourceTree = "<group>";
		};
		6A6B2AEA7FD7181DCDE8E3AC /* Ask */ = {
			isa = PBXGroup;
			children = (
				B17BA24AAF3A6E5EFD31B9D4 /* AskView.swift */,
				4CBC25463771BD6D8AF7E0DE /* AskViewModel.swift */,
			);
			path = Ask;
			sourceTree = "<group>";
		};
		791645880ABA0A2D14D1B45C = {
			isa = PBXGroup;
			children = (
				082EF55E61E3127BC3F2AA80 /* Continuum */,
				5925BF5181FC7295F7717F35 /* Continuum Watch */,
				13885C9F0B1F7F0412CF6AAA /* Packages */,
				19EDBF87201FDE7BBC2E72F7 /* Products */,
			);
			sourceTree = "<group>";
		};
		99A037BF9FC242BB10C2B29D /* App */ = {
			isa = PBXGroup;
			children = (
				604661C35A8A9A8E532064D9 /* AppShellView.swift */,
				99AAC8DA084162CB1A1A1942 /* CompanionSession.swift */,
				40590AA62E2503CA555108DB /* ContinuumDraftApp.swift */,
			);
			path = App;
			sourceTree = "<group>";
		};
		B319F3A2406D8E24B4733DFB /* Recent */ = {
			isa = PBXGroup;
			children = (
				48998A858261AD4FDA005945 /* WatchRecentView.swift */,
			);
			path = Recent;
			sourceTree = "<group>";
		};
		D4182C8D12E0CE6641569032 /* Pairing */ = {
			isa = PBXGroup;
			children = (
				CFE7BC9E2D0A39C0DA9A6A9A /* PairingView.swift */,
				D1D76DDD8F00A216D630ADB0 /* PairingViewModel.swift */,
				DF6A5510A24F5C6C455F4833 /* QRScannerView.swift */,
			);
			path = Pairing;
			sourceTree = "<group>";
		};
		E00678C74CDA0CAA24CD2873 /* Capture */ = {
			isa = PBXGroup;
			children = (
				8D85C179C6BBAE03AEF86E9A /* CaptureView.swift */,
				07742BD82890985AE4227AD1 /* CaptureViewModel.swift */,
			);
			path = Capture;
			sourceTree = "<group>";
		};
		F0868CB335756577A58D0758 /* App */ = {
			isa = PBXGroup;
			children = (
				7E5630717FEE83549F961952 /* ContinuumWatchApp.swift */,
				B95CEBC40AAECEDC4504ED86 /* WatchBridgeClient.swift */,
			);
			path = App;
			sourceTree = "<group>";
		};
		F972B19CF088C2A6AE1639C5 /* Ask */ = {
			isa = PBXGroup;
			children = (
				38315C72C8C3DB608F0A69AB /* WatchAskView.swift */,
			);
			path = Ask;
			sourceTree = "<group>";
		};
/* End PBXGroup section */

/* Begin PBXNativeTarget section */
		935942E5BC453861DE30BA91 /* Continuum */ = {
			isa = PBXNativeTarget;
			buildConfigurationList = 04DC20EBC6E72676E13153B1 /* Build configuration list for PBXNativeTarget "Continuum" */;
			buildPhases = (
				514F21EAA563CFB590AA4388 /* Sources */,
				0ED5B9EF2141C3BF097B9146 /* Resources */,
				09CB4A70D9E1648FF8F86CD4 /* Frameworks */,
				6AB482E7A8A427DEDE1DBCFF /* Embed Watch Content */,
			);
			buildRules = (
			);
			dependencies = (
				06A5F42D29D075F913BE0A66 /* PBXTargetDependency */,
			);
			name = Continuum;
			packageProductDependencies = (
				CBFD1E851748956C8D5E79F8 /* ContinuumKit */,
			);
			productName = Continuum;
			productReference = 7D584C9B2046BD542643DC0E /* Continuum.app */;
			productType = "com.apple.product-type.application";
		};
		DBC137B0FDAABF784EBD12CF /* Continuum Watch */ = {
			isa = PBXNativeTarget;
			buildConfigurationList = 5EBAD0CF78A9956E96C7B622 /* Build configuration list for PBXNativeTarget "Continuum Watch" */;
			buildPhases = (
				8DC26ECE848019E9AC277F8F /* Sources */,
				B064883A5CAFFCBE0C3807D3 /* Frameworks */,
			);
			buildRules = (
			);
			dependencies = (
			);
			name = "Continuum Watch";
			packageProductDependencies = (
				7F747B9EDDEF9C365D63A9B9 /* ContinuumKit */,
			);
			productName = "Continuum Watch";
			productReference = D19C3314249D4B0360112497 /* Continuum Watch.app */;
			productType = "com.apple.product-type.application";
		};
/* End PBXNativeTarget section */

/* Begin PBXProject section */
		471634B31C49E6078F27BDA2 /* Project object */ = {
			isa = PBXProject;
			attributes = {
				BuildIndependentTargetsInParallel = YES;
				LastUpgradeCheck = 1430;
				TargetAttributes = {
					935942E5BC453861DE30BA91 = {
						DevelopmentTeam = "$(CONTINUUM_DEVELOPMENT_TEAM)";
						ProvisioningStyle = Automatic;
					};
					DBC137B0FDAABF784EBD12CF = {
						DevelopmentTeam = "$(CONTINUUM_DEVELOPMENT_TEAM)";
						ProvisioningStyle = Automatic;
					};
				};
			};
			buildConfigurationList = 6214E043FF304CE5E0426C2A /* Build configuration list for PBXProject "Continuum" */;
			developmentRegion = en;
			hasScannedForEncodings = 0;
			knownRegions = (
				Base,
				en,
			);
			mainGroup = 791645880ABA0A2D14D1B45C;
			minimizedProjectReferenceProxies = 1;
			packageReferences = (
				71C2967F516DA2D0FA5D8F6F /* XCLocalSwiftPackageReference "ContinuumKit" */,
			);
			preferredProjectObjectVersion = 77;
			productRefGroup = 19EDBF87201FDE7BBC2E72F7 /* Products */;
			projectDirPath = "";
			projectRoot = "";
			targets = (
				935942E5BC453861DE30BA91 /* Continuum */,
				DBC137B0FDAABF784EBD12CF /* Continuum Watch */,
			);
		};
/* End PBXProject section */

/* Begin PBXResourcesBuildPhase section */
		0ED5B9EF2141C3BF097B9146 /* Resources */ = {
			isa = PBXResourcesBuildPhase;
			buildActionMask = 2147483647;
			files = (
				88528DAB0333BC3456AD402A /* README.md in Resources */,
			);
			runOnlyForDeploymentPostprocessing = 0;
		};
/* End PBXResourcesBuildPhase section */

/* Begin PBXSourcesBuildPhase section */
		514F21EAA563CFB590AA4388 /* Sources */ = {
			isa = PBXSourcesBuildPhase;
			buildActionMask = 2147483647;
			files = (
				B17347A1742A4435F7ABE829 /* AppShellView.swift in Sources */,
				7BC1855934AD459CDEC5DA8F /* AskView.swift in Sources */,
				BD5FD8D3746C3DA185B5146E /* AskViewModel.swift in Sources */,
				24ABC484555E9D1F6BF45689 /* CaptureView.swift in Sources */,
				77775EF0AA6D4C0EA56E2048 /* CaptureViewModel.swift in Sources */,
				8D94677D4F9F78A505775B41 /* CompanionSession.swift in Sources */,
				83ADD601ED052205097E5C69 /* ContinuumDraftApp.swift in Sources */,
				E0289FC74EDADD23812F715A /* MemoriesView.swift in Sources */,
				4866EC10436163D1440F03C7 /* MemoriesViewModel.swift in Sources */,
				E7A4061DA388C18480A6A391 /* PairingView.swift in Sources */,
				593D1E1BEA04753786E19279 /* PairingViewModel.swift in Sources */,
				07C6E6008FC9FF5E0E1FC83A /* PhoneWatchBridge.swift in Sources */,
				8F9F1B2CFB827C89EFBF8190 /* QRScannerView.swift in Sources */,
				8A5AFC770DDBBEDC938327C5 /* SettingsView.swift in Sources */,
				3BF548388016487807660E0E /* StatusView.swift in Sources */,
				3E789D99A3C924C5AEC8B778 /* StatusViewModel.swift in Sources */,
			);
			runOnlyForDeploymentPostprocessing = 0;
		};
		8DC26ECE848019E9AC277F8F /* Sources */ = {
			isa = PBXSourcesBuildPhase;
			buildActionMask = 2147483647;
			files = (
				5BE8CEF235EE6035DCC913DC /* ContinuumWatchApp.swift in Sources */,
				1C813CD818A6F8AD48AE120C /* WatchAskView.swift in Sources */,
				CBBD53B4A234F26D33F7279A /* WatchBridgeClient.swift in Sources */,
				873976FE0BD39BEF16FE3ED2 /* WatchRecentView.swift in Sources */,
				EE50D28E66CDB8C30A9F3244 /* WatchRememberView.swift in Sources */,
				0A627FA16BA4C34FE1CEAF04 /* WatchStatusView.swift in Sources */,
			);
			runOnlyForDeploymentPostprocessing = 0;
		};
/* End PBXSourcesBuildPhase section */

/* Begin PBXTargetDependency section */
		06A5F42D29D075F913BE0A66 /* PBXTargetDependency */ = {
			isa = PBXTargetDependency;
			target = DBC137B0FDAABF784EBD12CF /* Continuum Watch */;
			targetProxy = BFD049C8F9D387D40D09B37C /* PBXContainerItemProxy */;
		};
/* End PBXTargetDependency section */

/* Begin XCBuildConfiguration section */
		1ADED8E1C3EE8FC582106563 /* Debug */ = {
			isa = XCBuildConfiguration;
			buildSettings = {
				ASSETCATALOG_COMPILER_APPICON_NAME = AppIcon;
				CODE_SIGN_STYLE = Automatic;
				DEVELOPMENT_TEAM = "$(CONTINUUM_DEVELOPMENT_TEAM)";
				GENERATE_INFOPLIST_FILE = YES;
				INFOPLIST_KEY_CFBundleDisplayName = "Continuum Watch";
				INFOPLIST_KEY_WKApplication = YES;
				INFOPLIST_KEY_WKCompanionAppBundleIdentifier = "$(CONTINUUM_BUNDLE_PREFIX)";
				PRODUCT_BUNDLE_IDENTIFIER = "$(CONTINUUM_BUNDLE_PREFIX).watchkitapp";
				SDKROOT = watchos;
				SKIP_INSTALL = YES;
				TARGETED_DEVICE_FAMILY = 4;
				WATCHOS_DEPLOYMENT_TARGET = 10.0;
			};
			name = Debug;
		};
		25733385E952FD1D9A015AC3 /* Debug */ = {
			isa = XCBuildConfiguration;
			buildSettings = {
				ALWAYS_SEARCH_USER_PATHS = NO;
				CLANG_ANALYZER_NONNULL = YES;
				CLANG_ANALYZER_NUMBER_OBJECT_CONVERSION = YES_AGGRESSIVE;
				CLANG_CXX_LANGUAGE_STANDARD = "gnu++14";
				CLANG_CXX_LIBRARY = "libc++";
				CLANG_ENABLE_MODULES = YES;
				CLANG_ENABLE_OBJC_ARC = YES;
				CLANG_ENABLE_OBJC_WEAK = YES;
				CLANG_WARN_BLOCK_CAPTURE_AUTORELEASING = YES;
				CLANG_WARN_BOOL_CONVERSION = YES;
				CLANG_WARN_COMMA = YES;
				CLANG_WARN_CONSTANT_CONVERSION = YES;
				CLANG_WARN_DEPRECATED_OBJC_IMPLEMENTATIONS = YES;
				CLANG_WARN_DIRECT_OBJC_ISA_USAGE = YES_ERROR;
				CLANG_WARN_DOCUMENTATION_COMMENTS = YES;
				CLANG_WARN_EMPTY_BODY = YES;
				CLANG_WARN_ENUM_CONVERSION = YES;
				CLANG_WARN_INFINITE_RECURSION = YES;
				CLANG_WARN_INT_CONVERSION = YES;
				CLANG_WARN_NON_LITERAL_NULL_CONVERSION = YES;
				CLANG_WARN_OBJC_IMPLICIT_RETAIN_SELF = YES;
				CLANG_WARN_OBJC_LITERAL_CONVERSION = YES;
				CLANG_WARN_OBJC_ROOT_CLASS = YES_ERROR;
				CLANG_WARN_QUOTED_INCLUDE_IN_FRAMEWORK_HEADER = YES;
				CLANG_WARN_RANGE_LOOP_ANALYSIS = YES;
				CLANG_WARN_STRICT_PROTOTYPES = YES;
				CLANG_WARN_SUSPICIOUS_MOVE = YES;
				CLANG_WARN_UNGUARDED_AVAILABILITY = YES_AGGRESSIVE;
				CLANG_WARN_UNREACHABLE_CODE = YES;
				CLANG_WARN__DUPLICATE_METHOD_MATCH = YES;
				COPY_PHASE_STRIP = NO;
				DEBUG_INFORMATION_FORMAT = dwarf;
				ENABLE_STRICT_OBJC_MSGSEND = YES;
				ENABLE_TESTABILITY = YES;
				CONTINUUM_BUNDLE_PREFIX = com.continuum.ios;
				CONTINUUM_DEVELOPMENT_TEAM = "";
				GCC_C_LANGUAGE_STANDARD = gnu11;
				GCC_DYNAMIC_NO_PIC = NO;
				GCC_NO_COMMON_BLOCKS = YES;
				GCC_OPTIMIZATION_LEVEL = 0;
				GCC_PREPROCESSOR_DEFINITIONS = (
					"$(inherited)",
					"DEBUG=1",
				);
				GCC_WARN_64_TO_32_BIT_CONVERSION = YES;
				GCC_WARN_ABOUT_RETURN_TYPE = YES_ERROR;
				GCC_WARN_UNDECLARED_SELECTOR = YES;
				GCC_WARN_UNINITIALIZED_AUTOS = YES_AGGRESSIVE;
				GCC_WARN_UNUSED_FUNCTION = YES;
				GCC_WARN_UNUSED_VARIABLE = YES;
				IPHONEOS_DEPLOYMENT_TARGET = 17.0;
				MTL_ENABLE_DEBUG_INFO = INCLUDE_SOURCE;
				MTL_FAST_MATH = YES;
				ONLY_ACTIVE_ARCH = YES;
				PRODUCT_NAME = "$(TARGET_NAME)";
				SWIFT_ACTIVE_COMPILATION_CONDITIONS = DEBUG;
				SWIFT_OPTIMIZATION_LEVEL = "-Onone";
				SWIFT_VERSION = 5.1;
			};
			name = Debug;
		};
		26695F1EEAD39CFD380EDA91 /* Release */ = {
			isa = XCBuildConfiguration;
			buildSettings = {
				ALWAYS_SEARCH_USER_PATHS = NO;
				CLANG_ANALYZER_NONNULL = YES;
				CLANG_ANALYZER_NUMBER_OBJECT_CONVERSION = YES_AGGRESSIVE;
				CLANG_CXX_LANGUAGE_STANDARD = "gnu++14";
				CLANG_CXX_LIBRARY = "libc++";
				CLANG_ENABLE_MODULES = YES;
				CLANG_ENABLE_OBJC_ARC = YES;
				CLANG_ENABLE_OBJC_WEAK = YES;
				CLANG_WARN_BLOCK_CAPTURE_AUTORELEASING = YES;
				CLANG_WARN_BOOL_CONVERSION = YES;
				CLANG_WARN_COMMA = YES;
				CLANG_WARN_CONSTANT_CONVERSION = YES;
				CLANG_WARN_DEPRECATED_OBJC_IMPLEMENTATIONS = YES;
				CLANG_WARN_DIRECT_OBJC_ISA_USAGE = YES_ERROR;
				CLANG_WARN_DOCUMENTATION_COMMENTS = YES;
				CLANG_WARN_EMPTY_BODY = YES;
				CLANG_WARN_ENUM_CONVERSION = YES;
				CLANG_WARN_INFINITE_RECURSION = YES;
				CLANG_WARN_INT_CONVERSION = YES;
				CLANG_WARN_NON_LITERAL_NULL_CONVERSION = YES;
				CLANG_WARN_OBJC_IMPLICIT_RETAIN_SELF = YES;
				CLANG_WARN_OBJC_LITERAL_CONVERSION = YES;
				CLANG_WARN_OBJC_ROOT_CLASS = YES_ERROR;
				CLANG_WARN_QUOTED_INCLUDE_IN_FRAMEWORK_HEADER = YES;
				CLANG_WARN_RANGE_LOOP_ANALYSIS = YES;
				CLANG_WARN_STRICT_PROTOTYPES = YES;
				CLANG_WARN_SUSPICIOUS_MOVE = YES;
				CLANG_WARN_UNGUARDED_AVAILABILITY = YES_AGGRESSIVE;
				CLANG_WARN_UNREACHABLE_CODE = YES;
				CLANG_WARN__DUPLICATE_METHOD_MATCH = YES;
				COPY_PHASE_STRIP = NO;
				DEBUG_INFORMATION_FORMAT = "dwarf-with-dsym";
				ENABLE_NS_ASSERTIONS = NO;
				ENABLE_STRICT_OBJC_MSGSEND = YES;
				CONTINUUM_BUNDLE_PREFIX = com.continuum.ios;
				CONTINUUM_DEVELOPMENT_TEAM = "";
				GCC_C_LANGUAGE_STANDARD = gnu11;
				GCC_NO_COMMON_BLOCKS = YES;
				GCC_WARN_64_TO_32_BIT_CONVERSION = YES;
				GCC_WARN_ABOUT_RETURN_TYPE = YES_ERROR;
				GCC_WARN_UNDECLARED_SELECTOR = YES;
				GCC_WARN_UNINITIALIZED_AUTOS = YES_AGGRESSIVE;
				GCC_WARN_UNUSED_FUNCTION = YES;
				GCC_WARN_UNUSED_VARIABLE = YES;
				IPHONEOS_DEPLOYMENT_TARGET = 17.0;
				MTL_ENABLE_DEBUG_INFO = NO;
				MTL_FAST_MATH = YES;
				PRODUCT_NAME = "$(TARGET_NAME)";
				SWIFT_COMPILATION_MODE = wholemodule;
				SWIFT_OPTIMIZATION_LEVEL = "-O";
				SWIFT_VERSION = 5.1;
			};
			name = Release;
		};
		7576485C4D9CE87AE5FB28E5 /* Debug */ = {
			isa = XCBuildConfiguration;
			buildSettings = {
				ASSETCATALOG_COMPILER_APPICON_NAME = AppIcon;
				CODE_SIGN_IDENTITY = "iPhone Developer";
				CODE_SIGN_STYLE = Automatic;
				DEVELOPMENT_TEAM = "$(CONTINUUM_DEVELOPMENT_TEAM)";
				GENERATE_INFOPLIST_FILE = YES;
				INFOPLIST_KEY_CFBundleDisplayName = Continuum;
				INFOPLIST_KEY_NSCameraUsageDescription = "Continuum uses the camera to scan the Mac pairing QR code.";
				INFOPLIST_KEY_NSLocalNetworkUsageDescription = "Continuum needs local network access to connect to your Mac companion runtime.";
				INFOPLIST_KEY_UIApplicationSceneManifest_Generation = YES;
				INFOPLIST_KEY_UILaunchScreen_Generation = YES;
				INFOPLIST_KEY_UIStatusBarStyle = UIStatusBarStyleDefault;
				IPHONEOS_DEPLOYMENT_TARGET = 17.0;
				LD_RUNPATH_SEARCH_PATHS = (
					"$(inherited)",
					"@executable_path/Frameworks",
				);
				PRODUCT_BUNDLE_IDENTIFIER = "$(CONTINUUM_BUNDLE_PREFIX)";
				SDKROOT = iphoneos;
				TARGETED_DEVICE_FAMILY = 1;
			};
			name = Debug;
		};
		D54069241CD6BF39EC6D06EA /* Release */ = {
			isa = XCBuildConfiguration;
			buildSettings = {
				ASSETCATALOG_COMPILER_APPICON_NAME = AppIcon;
				CODE_SIGN_IDENTITY = "iPhone Developer";
				CODE_SIGN_STYLE = Automatic;
				DEVELOPMENT_TEAM = "$(CONTINUUM_DEVELOPMENT_TEAM)";
				GENERATE_INFOPLIST_FILE = YES;
				INFOPLIST_KEY_CFBundleDisplayName = Continuum;
				INFOPLIST_KEY_NSCameraUsageDescription = "Continuum uses the camera to scan the Mac pairing QR code.";
				INFOPLIST_KEY_NSLocalNetworkUsageDescription = "Continuum needs local network access to connect to your Mac companion runtime.";
				INFOPLIST_KEY_UIApplicationSceneManifest_Generation = YES;
				INFOPLIST_KEY_UILaunchScreen_Generation = YES;
				INFOPLIST_KEY_UIStatusBarStyle = UIStatusBarStyleDefault;
				IPHONEOS_DEPLOYMENT_TARGET = 17.0;
				LD_RUNPATH_SEARCH_PATHS = (
					"$(inherited)",
					"@executable_path/Frameworks",
				);
				PRODUCT_BUNDLE_IDENTIFIER = "$(CONTINUUM_BUNDLE_PREFIX)";
				SDKROOT = iphoneos;
				TARGETED_DEVICE_FAMILY = 1;
			};
			name = Release;
		};
		F62C5B8A84BE537E4E151006 /* Release */ = {
			isa = XCBuildConfiguration;
			buildSettings = {
				ASSETCATALOG_COMPILER_APPICON_NAME = AppIcon;
				CODE_SIGN_STYLE = Automatic;
				DEVELOPMENT_TEAM = "$(CONTINUUM_DEVELOPMENT_TEAM)";
				GENERATE_INFOPLIST_FILE = YES;
				INFOPLIST_KEY_CFBundleDisplayName = "Continuum Watch";
				INFOPLIST_KEY_WKApplication = YES;
				INFOPLIST_KEY_WKCompanionAppBundleIdentifier = "$(CONTINUUM_BUNDLE_PREFIX)";
				PRODUCT_BUNDLE_IDENTIFIER = "$(CONTINUUM_BUNDLE_PREFIX).watchkitapp";
				SDKROOT = watchos;
				SKIP_INSTALL = YES;
				TARGETED_DEVICE_FAMILY = 4;
				WATCHOS_DEPLOYMENT_TARGET = 10.0;
			};
			name = Release;
		};
/* End XCBuildConfiguration section */

/* Begin XCConfigurationList section */
		04DC20EBC6E72676E13153B1 /* Build configuration list for PBXNativeTarget "Continuum" */ = {
			isa = XCConfigurationList;
			buildConfigurations = (
				7576485C4D9CE87AE5FB28E5 /* Debug */,
				D54069241CD6BF39EC6D06EA /* Release */,
			);
			defaultConfigurationIsVisible = 0;
			defaultConfigurationName = Debug;
		};
		5EBAD0CF78A9956E96C7B622 /* Build configuration list for PBXNativeTarget "Continuum Watch" */ = {
			isa = XCConfigurationList;
			buildConfigurations = (
				1ADED8E1C3EE8FC582106563 /* Debug */,
				F62C5B8A84BE537E4E151006 /* Release */,
			);
			defaultConfigurationIsVisible = 0;
			defaultConfigurationName = Debug;
		};
		6214E043FF304CE5E0426C2A /* Build configuration list for PBXProject "Continuum" */ = {
			isa = XCConfigurationList;
			buildConfigurations = (
				25733385E952FD1D9A015AC3 /* Debug */,
				26695F1EEAD39CFD380EDA91 /* Release */,
			);
			defaultConfigurationIsVisible = 0;
			defaultConfigurationName = Debug;
		};
/* End XCConfigurationList section */

/* Begin XCLocalSwiftPackageReference section */
		71C2967F516DA2D0FA5D8F6F /* XCLocalSwiftPackageReference "ContinuumKit" */ = {
			isa = XCLocalSwiftPackageReference;
			relativePath = ContinuumKit;
		};
/* End XCLocalSwiftPackageReference section */

/* Begin XCSwiftPackageProductDependency section */
		7F747B9EDDEF9C365D63A9B9 /* ContinuumKit */ = {
			isa = XCSwiftPackageProductDependency;
			productName = ContinuumKit;
		};
		CBFD1E851748956C8D5E79F8 /* ContinuumKit */ = {
			isa = XCSwiftPackageProductDependency;
			productName = ContinuumKit;
		};
/* End XCSwiftPackageProductDependency section */
	};
	rootObject = 471634B31C49E6078F27BDA2 /* Project object */;
}
